// !$*UTF8*$!
{
	archiveVersion = 1;
	classes = {
	};
	objectVersion = 46;
	objects = {

/* Begin PBXBuildFile section */
		3A061FCE19ECBF5900B36675 /* car1.jpg in Resources */ = {isa = PBXBuildFile; fileRef = 3A061FCC19ECBF5900B36675 /* car1.jpg */; };
		3A061FCF19ECBF5900B36675 /* car2.jpg in Resources */ = {isa = PBXBuildFile; fileRef = 3A061FCD19ECBF5900B36675 /* car2.jpg */; };
		3A181EFE19D3E3AF006F519A /* gauss.fsh in Resources */ = {isa = PBXBuildFile; fileRef = 3A181EFC19D3E3AF006F519A /* gauss.fsh */; };
		3A181EFF19D3E3AF006F519A /* gaussVertex.vsh in Resources */ = {isa = PBXBuildFile; fileRef = 3A181EFD19D3E3AF006F519A /* gaussVertex.vsh */; };
		3A2BF9A319CC0B2200A53D22 /* opencv2.framework in Frameworks */ = {isa = PBXBuildFile; fileRef = 3A2BF9A219CC0B2200A53D22 /* opencv2.framework */; };
		3A6383D719CC2714008A3E6C /* lena.jpg in Resources */ = {isa = PBXBuildFile; fileRef = 3A6383D619CC2714008A3E6C /* lena.jpg */; };
		3A854CC219EA62D1008B2DD2 /* SIFT.mm in Sources */ = {isa = PBXBuildFile; fileRef = 3A854CC119EA62D1008B2DD2 /* SIFT.mm */; };
		3AB8DC7419D6647500B4AFC4 /* now.jpg in Resources */ = {isa = PBXBuildFile; fileRef = 3AB8DC7219D6647500B4AFC4 /* now.jpg */; };
		3AB8DC7519D6647500B4AFC4 /* pre.jpg in Resources */ = {isa = PBXBuildFile; fileRef = 3AB8DC7319D6647500B4AFC4 /* pre.jpg */; };
		3AB8DC7719D6B28F00B4AFC4 /* diff.fsh in Resources */ = {isa = PBXBuildFile; fileRef = 3AB8DC7619D6B28F00B4AFC4 /* diff.fsh */; };
		3AB8DC7919D6B34300B4AFC4 /* diffVertex.vsh in Resources */ = {isa = PBXBuildFile; fileRef = 3AB8DC7819D6B34300B4AFC4 /* diffVertex.vsh */; };
		3ABAE07419CD53790067AF48 /* CoreImage.framework in Frameworks */ = {isa = PBXBuildFile; fileRef = 3ABAE07319CD53790067AF48 /* CoreImage.framework */; };
		3AC2D2AD19E505E90016FE6F /* tracker.fsh in Resources */ = {isa = PBXBuildFile; fileRef = 3AC2D2AB19E505E90016FE6F /* tracker.fsh */; };
		3AC2D2B119E5163E0016FE6F /* trackerVertex.vsh in Resources */ = {isa = PBXBuildFile; fileRef = 3AC2D2AF19E5163E0016FE6F /* trackerVertex.vsh */; };
		3AF9D17E19D5489200571976 /* gradientVertex.vsh in Resources */ = {isa = PBXBuildFile; fileRef = 3AF9D17D19D5489200571976 /* gradientVertex.vsh */; };
		3AF9D18019D54ADF00571976 /* gradient.fsh in Resources */ = {isa = PBXBuildFile; fileRef = 3AF9D17F19D54ADF00571976 /* gradient.fsh */; };
		9CA72716142269B500CC88CA /* UIKit.framework in Frameworks */ = {isa = PBXBuildFile; fileRef = 9CA72715142269B500CC88CA /* UIKit.framework */; };
		9CA72718142269B500CC88CA /* Foundation.framework in Frameworks */ = {isa = PBXBuildFile; fileRef = 9CA72717142269B500CC88CA /* Foundation.framework */; };
		9CA7271A142269B500CC88CA /* CoreGraphics.framework in Frameworks */ = {isa = PBXBuildFile; fileRef = 9CA72719142269B500CC88CA /* CoreGraphics.framework */; };
		9CA7271C142269B500CC88CA /* QuartzCore.framework in Frameworks */ = {isa = PBXBuildFile; fileRef = 9CA7271B142269B500CC88CA /* QuartzCore.framework */; };
		9CA7271E142269B500CC88CA /* OpenGLES.framework in Frameworks */ = {isa = PBXBuildFile; fileRef = 9CA7271D142269B500CC88CA /* OpenGLES.framework */; };
		9CA72727142269B500CC88CA /* main.m in Sources */ = {isa = PBXBuildFile; fileRef = 9CA72726142269B500CC88CA /* main.m */; };
		9CA7272A142269B500CC88CA /* GPU_SIFTAppDelegate.m in Sources */ = {isa = PBXBuildFile; fileRef = 9CA72729142269B500CC88CA /* GPU_SIFTAppDelegate.m */; };
		9CA7275D14226AA900CC88CA /* KeyPoint.m in Sources */ = {isa = PBXBuildFile; fileRef = 9CA7275A14226AA900CC88CA /* KeyPoint.m */; };
		9CA7278214226D2600CC88CA /* MainWindow.xib in Resources */ = {isa = PBXBuildFile; fileRef = 9CA7278114226D2600CC88CA /* MainWindow.xib */; };
/* End PBXBuildFile section */

/* Begin PBXFileReference section */
		3A061FCC19ECBF5900B36675 /* car1.jpg */ = {isa = PBXFileReference; lastKnownFileType = image.jpeg; path = car1.jpg; sourceTree = "<group>"; };
		3A061FCD19ECBF5900B36675 /* car2.jpg */ = {isa = PBXFileReference; lastKnownFileType = image.jpeg; path = car2.jpg; sourceTree = "<group>"; };
		3A181EF919D3E35C006F519A /* SIFT.h */ = {isa = PBXFileReference; fileEncoding = 4; lastKnownFileType = sourcecode.c.h; path = SIFT.h; sourceTree = "<group>"; };
		3A181EFC19D3E3AF006F519A /* gauss.fsh */ = {isa = PBXFileReference; fileEncoding = 4; lastKnownFileType = sourcecode.glsl; name = gauss.fsh; path = Shaders/gauss.fsh; sourceTree = "<group>"; };
		3A181EFD19D3E3AF006F519A /* gaussVertex.vsh */ = {isa = PBXFileReference; fileEncoding = 4; lastKnownFileType = sourcecode.glsl; name = gaussVertex.vsh; path = Shaders/gaussVertex.vsh; sourceTree = "<group>"; };
		3A2BF9A219CC0B2200A53D22 /* opencv2.framework */ = {isa = PBXFileReference; lastKnownFileType = wrapper.framework; name = opencv2.framework; path = ../../Documents/Projects/iOS/opencv2.framework; sourceTree = "<group>"; };
		3A6383D619CC2714008A3E6C /* lena.jpg */ = {isa = PBXFileReference; lastKnownFileType = image.jpeg; path = lena.jpg; sourceTree = "<group>"; };
		3A854CC119EA62D1008B2DD2 /* SIFT.mm */ = {isa = PBXFileReference; fileEncoding = 4; lastKnownFileType = sourcecode.cpp.objcpp; path = SIFT.mm; sourceTree = "<group>"; };
		3AB8DC7219D6647500B4AFC4 /* now.jpg */ = {isa = PBXFileReference; lastKnownFileType = image.jpeg; path = now.jpg; sourceTree = "<group>"; };
		3AB8DC7319D6647500B4AFC4 /* pre.jpg */ = {isa = PBXFileReference; lastKnownFileType = image.jpeg; path = pre.jpg; sourceTree = "<group>"; };
		3AB8DC7619D6B28F00B4AFC4 /* diff.fsh */ = {isa = PBXFileReference; fileEncoding = 4; lastKnownFileType = sourcecode.glsl; path = diff.fsh; sourceTree = "<group>"; };
		3AB8DC7819D6B34300B4AFC4 /* diffVertex.vsh */ = {isa = PBXFileReference; fileEncoding = 4; lastKnownFileType = sourcecode.glsl; path = diffVertex.vsh; sourceTree = "<group>"; };
		3ABAE07319CD53790067AF48 /* CoreImage.framework */ = {isa = PBXFileReference; lastKnownFileType = wrapper.framework; name = CoreImage.framework; path = System/Library/Frameworks/CoreImage.framework; sourceTree = SDKROOT; };
		3AC2D2AB19E505E90016FE6F /* tracker.fsh */ = {isa = PBXFileReference; fileEncoding = 4; lastKnownFileType = sourcecode.glsl; path = tracker.fsh; sourceTree = "<group>"; };
		3AC2D2AF19E5163E0016FE6F /* trackerVertex.vsh */ = {isa = PBXFileReference; fileEncoding = 4; lastKnownFileType = sourcecode.glsl; path = trackerVertex.vsh; sourceTree = "<group>"; };
		3AF9D17D19D5489200571976 /* gradientVertex.vsh */ = {isa = PBXFileReference; fileEncoding = 4; lastKnownFileType = sourcecode.glsl; path = gradientVertex.vsh; sourceTree = "<group>"; };
		3AF9D17F19D54ADF00571976 /* gradient.fsh */ = {isa = PBXFileReference; fileEncoding = 4; lastKnownFileType = sourcecode.glsl; path = gradient.fsh; sourceTree = "<group>"; };
		9CA72711142269B500CC88CA /* GPU_SIFT.app */ = {isa = PBXFileReference; explicitFileType = wrapper.application; includeInIndex = 0; path = GPU_SIFT.app; sourceTree = BUILT_PRODUCTS_DIR; };
		9CA72715142269B500CC88CA /* UIKit.framework */ = {isa = PBXFileReference; lastKnownFileType = wrapper.framework; name = UIKit.framework; path = System/Library/Frameworks/UIKit.framework; sourceTree = SDKROOT; };
		9CA72717142269B500CC88CA /* Foundation.framework */ = {isa = PBXFileReference; lastKnownFileType = wrapper.framework; name = Foundation.framework; path = System/Library/Frameworks/Foundation.framework; sourceTree = SDKROOT; };
		9CA72719142269B500CC88CA /* CoreGraphics.framework */ = {isa = PBXFileReference; lastKnownFileType = wrapper.framework; name = CoreGraphics.framework; path = System/Library/Frameworks/CoreGraphics.framework; sourceTree = SDKROOT; };
		9CA7271B142269B500CC88CA /* QuartzCore.framework */ = {isa = PBXFileReference; lastKnownFileType = wrapper.framework; name = QuartzCore.framework; path = System/Library/Frameworks/QuartzCore.framework; sourceTree = SDKROOT; };
		9CA7271D142269B500CC88CA /* OpenGLES.framework */ = {isa = PBXFileReference; lastKnownFileType = wrapper.framework; name = OpenGLES.framework; path = System/Library/Frameworks/OpenGLES.framework; sourceTree = SDKROOT; };
		9CA72721142269B500CC88CA /* GPU_SIFT-Info.plist */ = {isa = PBXFileReference; lastKnownFileType = text.plist.xml; path = "GPU_SIFT-Info.plist"; sourceTree = "<group>"; };
		9CA72725142269B500CC88CA /* GPU_SIFT-Prefix.pch */ = {isa = PBXFileReference; lastKnownFileType = sourcecode.c.h; path = "GPU_SIFT-Prefix.pch"; sourceTree = "<group>"; };
		9CA72726142269B500CC88CA /* main.m */ = {isa = PBXFileReference; lastKnownFileType = sourcecode.c.objc; path = main.m; sourceTree = "<group>"; };
		9CA72728142269B500CC88CA /* GPU_SIFTAppDelegate.h */ = {isa = PBXFileReference; lastKnownFileType = sourcecode.c.h; path = GPU_SIFTAppDelegate.h; sourceTree = "<group>"; };
		9CA72729142269B500CC88CA /* GPU_SIFTAppDelegate.m */ = {isa = PBXFileReference; lastKnownFileType = sourcecode.c.objc; path = GPU_SIFTAppDelegate.m; sourceTree = "<group>"; };
		9CA7275914226AA900CC88CA /* KeyPoint.h */ = {isa = PBXFileReference; fileEncoding = 4; lastKnownFileType = sourcecode.c.h; path = KeyPoint.h; sourceTree = "<group>"; };
		9CA7275A14226AA900CC88CA /* KeyPoint.m */ = {isa = PBXFileReference; fileEncoding = 4; lastKnownFileType = sourcecode.c.objc; path = KeyPoint.m; sourceTree = "<group>"; };
		9CA7278114226D2600CC88CA /* MainWindow.xib */ = {isa = PBXFileReference; fileEncoding = 4; lastKnownFileType = file.xib; path = MainWindow.xib; sourceTree = "<group>"; };
/* End PBXFileReference section */

/* Begin PBXFrameworksBuildPhase section */
		9CA7270E142269B500CC88CA /* Frameworks */ = {
			isa = PBXFrameworksBuildPhase;
			buildActionMask = 2147483647;
			files = (
				3ABAE07419CD53790067AF48 /* CoreImage.framework in Frameworks */,
				3A2BF9A319CC0B2200A53D22 /* opencv2.framework in Frameworks */,
				9CA72716142269B500CC88CA /* UIKit.framework in Frameworks */,
				9CA72718142269B500CC88CA /* Foundation.framework in Frameworks */,
				9CA7271A142269B500CC88CA /* CoreGraphics.framework in Frameworks */,
				9CA7271C142269B500CC88CA /* QuartzCore.framework in Frameworks */,
				9CA7271E142269B500CC88CA /* OpenGLES.framework in Frameworks */,
			);
			runOnlyForDeploymentPostprocessing = 0;
		};
/* End PBXFrameworksBuildPhase section */

/* Begin PBXGroup section */
		9CA72706142269B500CC88CA = {
			isa = PBXGroup;
			children = (
				9CA7271F142269B500CC88CA /* GPU_SIFT */,
				9CA72714142269B500CC88CA /* Frameworks */,
				9CA72712142269B500CC88CA /* Products */,
			);
			sourceTree = "<group>";
		};
		9CA72712142269B500CC88CA /* Products */ = {
			isa = PBXGroup;
			children = (
				9CA72711142269B500CC88CA /* GPU_SIFT.app */,
			);
			name = Products;
			sourceTree = "<group>";
		};
		9CA72714142269B500CC88CA /* Frameworks */ = {
			isa = PBXGroup;
			children = (
				3ABAE07319CD53790067AF48 /* CoreImage.framework */,
				3A2BF9A219CC0B2200A53D22 /* opencv2.framework */,
				9CA72715142269B500CC88CA /* UIKit.framework */,
				9CA72717142269B500CC88CA /* Foundation.framework */,
				9CA72719142269B500CC88CA /* CoreGraphics.framework */,
				9CA7271B142269B500CC88CA /* QuartzCore.framework */,
				9CA7271D142269B500CC88CA /* OpenGLES.framework */,
			);
			name = Frameworks;
			sourceTree = "<group>";
		};
		9CA7271F142269B500CC88CA /* GPU_SIFT */ = {
			isa = PBXGroup;
			children = (
				9CA7277E14226AD400CC88CA /* Resources */,
				9CA7275F14226AB000CC88CA /* Shaders */,
				9CA7275914226AA900CC88CA /* KeyPoint.h */,
				9CA7275A14226AA900CC88CA /* KeyPoint.m */,
				3A181EF919D3E35C006F519A /* SIFT.h */,
				3A854CC119EA62D1008B2DD2 /* SIFT.mm */,
				9CA72728142269B500CC88CA /* GPU_SIFTAppDelegate.h */,
				9CA72729142269B500CC88CA /* GPU_SIFTAppDelegate.m */,
				9CA72720142269B500CC88CA /* Supporting Files */,
			);
			path = GPU_SIFT;
			sourceTree = "<group>";
		};
		9CA72720142269B500CC88CA /* Supporting Files */ = {
			isa = PBXGroup;
			children = (
				9CA7278114226D2600CC88CA /* MainWindow.xib */,
				9CA72721142269B500CC88CA /* GPU_SIFT-Info.plist */,
				9CA72725142269B500CC88CA /* GPU_SIFT-Prefix.pch */,
				9CA72726142269B500CC88CA /* main.m */,
			);
			name = "Supporting Files";
			sourceTree = "<group>";
		};
		9CA7275F14226AB000CC88CA /* Shaders */ = {
			isa = PBXGroup;
			children = (
				3A181EFC19D3E3AF006F519A /* gauss.fsh */,
				3A181EFD19D3E3AF006F519A /* gaussVertex.vsh */,
				3AF9D17D19D5489200571976 /* gradientVertex.vsh */,
				3AF9D17F19D54ADF00571976 /* gradient.fsh */,
				3AB8DC7619D6B28F00B4AFC4 /* diff.fsh */,
				3AB8DC7819D6B34300B4AFC4 /* diffVertex.vsh */,
				3AC2D2AB19E505E90016FE6F /* tracker.fsh */,
				3AC2D2AF19E5163E0016FE6F /* trackerVertex.vsh */,
			);
			name = Shaders;
			sourceTree = "<group>";
		};
		9CA7277E14226AD400CC88CA /* Resources */ = {
			isa = PBXGroup;
			children = (
				3A061FCC19ECBF5900B36675 /* car1.jpg */,
				3A061FCD19ECBF5900B36675 /* car2.jpg */,
				3AB8DC7219D6647500B4AFC4 /* now.jpg */,
				3AB8DC7319D6647500B4AFC4 /* pre.jpg */,
				3A6383D619CC2714008A3E6C /* lena.jpg */,
			);
			name = Resources;
			sourceTree = "<group>";
		};
/* End PBXGroup section */

/* Begin PBXNativeTarget section */
		9CA72710142269B500CC88CA /* GPU_SIFT */ = {
			isa = PBXNativeTarget;
			buildConfigurationList = 9CA72753142269B500CC88CA /* Build configuration list for PBXNativeTarget "GPU_SIFT" */;
			buildPhases = (
				9CA7270D142269B500CC88CA /* Sources */,
				9CA7270E142269B500CC88CA /* Frameworks */,
				9CA7270F142269B500CC88CA /* Resources */,
			);
			buildRules = (
			);
			dependencies = (
			);
			name = GPU_SIFT;
			productName = GPU_SIFT;
			productReference = 9CA72711142269B500CC88CA /* GPU_SIFT.app */;
			productType = "com.apple.product-type.application";
		};
/* End PBXNativeTarget section */

/* Begin PBXProject section */
		9CA72708142269B500CC88CA /* Project object */ = {
			isa = PBXProject;
			attributes = {
			};
			buildConfigurationList = 9CA7270B142269B500CC88CA /* Build configuration list for PBXProject "GPU_SIFT" */;
			compatibilityVersion = "Xcode 3.2";
			developmentRegion = English;
			hasScannedForEncodings = 0;
			knownRegions = (
				en,
			);
			mainGroup = 9CA72706142269B500CC88CA;
			productRefGroup = 9CA72712142269B500CC88CA /* Products */;
			projectDirPath = "";
			projectRoot = "";
			targets = (
				9CA72710142269B500CC88CA /* GPU_SIFT */,
			);
		};
/* End PBXProject section */

/* Begin PBXResourcesBuildPhase section */
		9CA7270F142269B500CC88CA /* Resources */ = {
			isa = PBXResourcesBuildPhase;
			buildActionMask = 2147483647;
			files = (
				3A6383D719CC2714008A3E6C /* lena.jpg in Resources */,
				3A181EFF19D3E3AF006F519A /* gaussVertex.vsh in Resources */,
				3A181EFE19D3E3AF006F519A /* gauss.fsh in Resources */,
				3AF9D17E19D5489200571976 /* gradientVertex.vsh in Resources */,
				3A061FCE19ECBF5900B36675 /* car1.jpg in Resources */,
				3AB8DC7719D6B28F00B4AFC4 /* diff.fsh in Resources */,
				3AF9D18019D54ADF00571976 /* gradient.fsh in Resources */,
				3AC2D2AD19E505E90016FE6F /* tracker.fsh in Resources */,
				3AB8DC7919D6B34300B4AFC4 /* diffVertex.vsh in Resources */,
				3A061FCF19ECBF5900B36675 /* car2.jpg in Resources */,
				3AC2D2B119E5163E0016FE6F /* trackerVertex.vsh in Resources */,
				3AB8DC7519D6647500B4AFC4 /* pre.jpg in Resources */,
				3AB8DC7419D6647500B4AFC4 /* now.jpg in Resources */,
				9CA7278214226D2600CC88CA /* MainWindow.xib in Resources */,
			);
			runOnlyForDeploymentPostprocessing = 0;
		};
/* End PBXResourcesBuildPhase section */

/* Begin PBXSourcesBuildPhase section */
		9CA7270D142269B500CC88CA /* Sources */ = {
			isa = PBXSourcesBuildPhase;
			buildActionMask = 2147483647;
			files = (
				9CA72727142269B500CC88CA /* main.m in Sources */,
				3A854CC219EA62D1008B2DD2 /* SIFT.mm in Sources */,
				9CA7272A142269B500CC88CA /* GPU_SIFTAppDelegate.m in Sources */,
				9CA7275D14226AA900CC88CA /* KeyPoint.m in Sources */,
			);
			runOnlyForDeploymentPostprocessing = 0;
		};
/* End PBXSourcesBuildPhase section */

/* Begin XCBuildConfiguration section */
		9CA72751142269B500CC88CA /* Debug */ = {
			isa = XCBuildConfiguration;
			buildSettings = {
				ARCHS = "$(ARCHS_STANDARD_32_BIT)";
				"CODE_SIGN_IDENTITY[sdk=iphoneos*]" = "iPhone Developer";
				GCC_C_LANGUAGE_STANDARD = gnu99;
				GCC_OPTIMIZATION_LEVEL = 0;
				GCC_PREPROCESSOR_DEFINITIONS = DEBUG;
				GCC_SYMBOLS_PRIVATE_EXTERN = NO;
				GCC_VERSION = com.apple.compilers.llvmgcc42;
				GCC_WARN_ABOUT_RETURN_TYPE = YES;
				GCC_WARN_UNUSED_VARIABLE = YES;
				IPHONEOS_DEPLOYMENT_TARGET = 4.3;
				SDKROOT = iphoneos;
			};
			name = Debug;
		};
		9CA72752142269B500CC88CA /* Release */ = {
			isa = XCBuildConfiguration;
			buildSettings = {
				ARCHS = "$(ARCHS_STANDARD_32_BIT)";
				"CODE_SIGN_IDENTITY[sdk=iphoneos*]" = "iPhone Developer";
				GCC_C_LANGUAGE_STANDARD = gnu99;
				GCC_VERSION = com.apple.compilers.llvmgcc42;
				GCC_WARN_ABOUT_RETURN_TYPE = YES;
				GCC_WARN_UNUSED_VARIABLE = YES;
				IPHONEOS_DEPLOYMENT_TARGET = 4.3;
				OTHER_CFLAGS = "-DNS_BLOCK_ASSERTIONS=1";
				SDKROOT = iphoneos;
			};
			name = Release;
		};
		9CA72754142269B500CC88CA /* Debug */ = {
			isa = XCBuildConfiguration;
			buildSettings = {
				ALWAYS_SEARCH_USER_PATHS = NO;
				COPY_PHASE_STRIP = NO;
				FRAMEWORK_SEARCH_PATHS = (
					"$(inherited)",
					/Users/cao/Documents/Projects/iOS,
				);
				GCC_DYNAMIC_NO_PIC = NO;
				GCC_PRECOMPILE_PREFIX_HEADER = YES;
				GCC_PREFIX_HEADER = "GPU_SIFT/GPU_SIFT-Prefix.pch";
				"GCC_THUMB_SUPPORT[arch=armv6]" = "";
				GCC_VERSION = com.apple.compilers.llvm.clang.1_0;
				INFOPLIST_FILE = "GPU_SIFT/GPU_SIFT-Info.plist";
				IPHONEOS_DEPLOYMENT_TARGET = 7.1;
				PRODUCT_NAME = "$(TARGET_NAME)";
				WRAPPER_EXTENSION = app;
			};
			name = Debug;
		};
		9CA72755142269B500CC88CA /* Release */ = {
			isa = XCBuildConfiguration;
			buildSettings = {
				ALWAYS_SEARCH_USER_PATHS = NO;
				COPY_PHASE_STRIP = YES;
				FRAMEWORK_SEARCH_PATHS = (
					"$(inherited)",
					/Users/cao/Documents/Projects/iOS,
				);
				GCC_PRECOMPILE_PREFIX_HEADER = YES;
				GCC_PREFIX_HEADER = "GPU_SIFT/GPU_SIFT-Prefix.pch";
				"GCC_THUMB_SUPPORT[arch=armv6]" = "";
				GCC_VERSION = com.apple.compilers.llvm.clang.1_0;
				INFOPLIST_FILE = "GPU_SIFT/GPU_SIFT-Info.plist";
				IPHONEOS_DEPLOYMENT_TARGET = 7.1;
				OTHER_CFLAGS = "";
				"OTHER_CFLAGS[arch=armv7]" = (
					"-mfloat-abi=softfp",
					"-mfpu=neon",
				);
				"OTHER_CPLUSPLUSFLAGS[arch=armv7]" = "$(OTHER_CFLAGS)";
				PRODUCT_NAME = "$(TARGET_NAME)";
				VALIDATE_PRODUCT = YES;
				WRAPPER_EXTENSION = app;
			};
			name = Release;
		};
/* End XCBuildConfiguration section */

/* Begin XCConfigurationList section */
		9CA7270B142269B500CC88CA /* Build configuration list for PBXProject "GPU_SIFT" */ = {
			isa = XCConfigurationList;
			buildConfigurations = (
				9CA72751142269B500CC88CA /* Debug */,
				9CA72752142269B500CC88CA /* Release */,
			);
			defaultConfigurationIsVisible = 0;
			defaultConfigurationName = Release;
		};
		9CA72753142269B500CC88CA /* Build configuration list for PBXNativeTarget "GPU_SIFT" */ = {
			isa = XCConfigurationList;
			buildConfigurations = (
				9CA72754142269B500CC88CA /* Debug */,
				9CA72755142269B500CC88CA /* Release */,
			);
			defaultConfigurationIsVisible = 0;
			defaultConfigurationName = Release;
		};
/* End XCConfigurationList section */
	};
	rootObject = 9CA72708142269B500CC88CA /* Project object */;
}
